// !$*UTF8*$!
{
	archiveVersion = 1;
	classes = {
	};
	objectVersion = 46;
	objects = {

/* Begin PBXGroup section */
		E88C7CFD149A08F900DAD6F9 = {
			isa = PBXGroup;
			children = (
			);
			sourceTree = "<group>";
		};
/* End PBXGroup section */

/* Begin PBXProject section */
		E88C7CFF149A08F900DAD6F9 /* Project object */ = {
			isa = PBXProject;
			attributes = {
				LastUpgradeCheck = 0420;
				ORGANIZATIONNAME = "Peking University";
			};
			buildConfigurationList = E88C7D02149A08F900DAD6F9 /* Build configuration list for PBXProject "Optimizer" */;
			compatibilityVersion = "Xcode 3.2";
			developmentRegion = English;
			hasScannedForEncodings = 0;
			knownRegions = (
				en,
			);
			mainGroup = E88C7CFD149A08F900DAD6F9;
			projectDirPath = "";
			projectRoot = "";
			targets = (
			);
		};
/* End PBXProject section */

/* Begin XCBuildConfiguration section */
		E88C7D04149A08F900DAD6F9 /* Debug */ = {
			isa = XCBuildConfiguration;
			buildSettings = {
			};
			name = Debug;
		};
		E88C7D05149A08F900DAD6F9 /* Release */ = {
			isa = XCBuildConfiguration;
			buildSettings = {
			};
			name = Release;
		};
/* End XCBuildConfiguration section */

/* Begin XCConfigurationList section */
		E88C7D02149A08F900DAD6F9 /* Build configuration list for PBXProject "Optimizer" */ = {
			isa = XCConfigurationList;
			buildConfigurations = (
				E88C7D04149A08F900DAD6F9 /* Debug */,
				E88C7D05149A08F900DAD6F9 /* Release */,
			);
			defaultConfigurationIsVisible = 0;
			defaultConfigurationName = Release;
		};
/* End XCConfigurationList section */
	};
	rootObject = E88C7CFF149A08F900DAD6F9 /* Project object */;
}
